<?xml version="1.0" encoding="UTF-8"?>
<CodeBlocks_project_file>
	<FileVersion major="1" minor="6"/>
	<Project>
		<Option title="yolov5tensorrt"/>
		<Option makefile_is_custom="1"/>
		<Option compiler="gcc"/>
		<Option virtualFolders="CMake Files\;CMake Files\..\;CMake Files\..\opencv-4.4.0\;CMake Files\..\opencv-4.4.0\build\;"/>
		<Build>
			<Target title="all">
				<Option working_dir="/home/lishuang/Disk/remote/yolov5-tensorrt/build-yolov5-tensorrt-Desktop_Qt_5_13_1_GCC_64bit-Debug"/>
				<Option type="4"/>
				<MakeCommands>
					<Build command="/home/lishuang/Disk/software/anaconda3/bin/ninja -v all"/>
					<CompileFile command="/home/lishuang/Disk/software/anaconda3/bin/ninja -v &quot;$file&quot;"/>
					<Clean command="/home/lishuang/Disk/software/anaconda3/bin/ninja -v clean"/>
					<DistClean command="/home/lishuang/Disk/software/anaconda3/bin/ninja -v clean"/>
				</MakeCommands>
			</Target>
			<Target title="edit_cache">
				<Option working_dir="/home/lishuang/Disk/remote/yolov5-tensorrt/build-yolov5-tensorrt-Desktop_Qt_5_13_1_GCC_64bit-Debug"/>
				<Option type="4"/>
				<MakeCommands>
					<Build command="/home/lishuang/Disk/software/anaconda3/bin/ninja -v edit_cache"/>
					<CompileFile command="/home/lishuang/Disk/software/anaconda3/bin/ninja -v &quot;$file&quot;"/>
					<Clean command="/home/lishuang/Disk/software/anaconda3/bin/ninja -v clean"/>
					<DistClean command="/home/lishuang/Disk/software/anaconda3/bin/ninja -v clean"/>
				</MakeCommands>
			</Target>
			<Target title="rebuild_cache">
				<Option working_dir="/home/lishuang/Disk/remote/yolov5-tensorrt/build-yolov5-tensorrt-Desktop_Qt_5_13_1_GCC_64bit-Debug"/>
				<Option type="4"/>
				<MakeCommands>
					<Build command="/home/lishuang/Disk/software/anaconda3/bin/ninja -v rebuild_cache"/>
					<CompileFile command="/home/lishuang/Disk/software/anaconda3/bin/ninja -v &quot;$file&quot;"/>
					<Clean command="/home/lishuang/Disk/software/anaconda3/bin/ninja -v clean"/>
					<DistClean command="/home/lishuang/Disk/software/anaconda3/bin/ninja -v clean"/>
				</MakeCommands>
			</Target>
			<Target title="yolo5trt">
				<Option output="/home/lishuang/Disk/remote/yolov5-tensorrt/lib/libyolo5trt.so" prefix_auto="0" extension_auto="0"/>
				<Option working_dir="/home/lishuang/Disk/remote/yolov5-tensorrt/build-yolov5-tensorrt-Desktop_Qt_5_13_1_GCC_64bit-Debug"/>
				<Option object_output="./"/>
				<Option type="3"/>
				<Option compiler="gcc"/>
				<Compiler>
					<Add directory="/home/lishuang/Disk/remote/opencv-4.4.0/build"/>
					<Add directory="/home/lishuang/Disk/remote/opencv-4.4.0/include"/>
					<Add directory="/home/lishuang/Disk/remote/opencv-4.4.0/modules/core/include"/>
					<Add directory="/home/lishuang/Disk/remote/opencv-4.4.0/modules/flann/include"/>
					<Add directory="/home/lishuang/Disk/remote/opencv-4.4.0/modules/imgproc/include"/>
					<Add directory="/home/lishuang/Disk/remote/opencv-4.4.0/modules/ml/include"/>
					<Add directory="/home/lishuang/Disk/remote/opencv-4.4.0/modules/photo/include"/>
					<Add directory="/home/lishuang/Disk/remote/opencv-4.4.0/modules/dnn/include"/>
					<Add directory="/home/lishuang/Disk/remote/opencv-4.4.0/modules/features2d/include"/>
					<Add directory="/home/lishuang/Disk/remote/opencv-4.4.0/modules/imgcodecs/include"/>
					<Add directory="/home/lishuang/Disk/remote/opencv-4.4.0/modules/videoio/include"/>
					<Add directory="/home/lishuang/Disk/remote/opencv-4.4.0/modules/calib3d/include"/>
					<Add directory="/home/lishuang/Disk/remote/opencv-4.4.0/modules/highgui/include"/>
					<Add directory="/home/lishuang/Disk/remote/opencv-4.4.0/modules/objdetect/include"/>
					<Add directory="/home/lishuang/Disk/remote/opencv-4.4.0/modules/stitching/include"/>
					<Add directory="/home/lishuang/Disk/remote/opencv-4.4.0/modules/ts/include"/>
					<Add directory="/home/lishuang/Disk/remote/opencv-4.4.0/modules/video/include"/>
					<Add directory="/home/lishuang/Disk/remote/opencv-4.4.0/modules/gapi/include"/>
					<Add directory="/usr/local/cuda/include"/>
					<Add directory="/home/lishuang/Disk/software/TensorRT-7.0.0.11/include"/>
					<Add directory="/usr/local/cuda-10.0/include"/>
					<Add directory="/home/lishuang/Disk/remote/yolov5-tensorrt/include"/>
					<Add directory="/usr/include/c++/7"/>
					<Add directory="/usr/include/x86_64-linux-gnu/c++/7"/>
					<Add directory="/usr/include/c++/7/backward"/>
					<Add directory="/usr/lib/gcc/x86_64-linux-gnu/7/include"/>
					<Add directory="/usr/local/include"/>
					<Add directory="/usr/lib/gcc/x86_64-linux-gnu/7/include-fixed"/>
					<Add directory="/usr/include/x86_64-linux-gnu"/>
					<Add directory="/usr/include"/>
				</Compiler>
				<MakeCommands>
					<Build command="/home/lishuang/Disk/software/anaconda3/bin/ninja -v yolo5trt"/>
					<CompileFile command="/home/lishuang/Disk/software/anaconda3/bin/ninja -v &quot;$file&quot;"/>
					<Clean command="/home/lishuang/Disk/software/anaconda3/bin/ninja -v clean"/>
					<DistClean command="/home/lishuang/Disk/software/anaconda3/bin/ninja -v clean"/>
				</MakeCommands>
			</Target>
			<Target title="yolo5trt/fast">
				<Option output="/home/lishuang/Disk/remote/yolov5-tensorrt/lib/libyolo5trt.so" prefix_auto="0" extension_auto="0"/>
				<Option working_dir="/home/lishuang/Disk/remote/yolov5-tensorrt/build-yolov5-tensorrt-Desktop_Qt_5_13_1_GCC_64bit-Debug"/>
				<Option object_output="./"/>
				<Option type="3"/>
				<Option compiler="gcc"/>
				<Compiler>
					<Add directory="/home/lishuang/Disk/remote/opencv-4.4.0/build"/>
					<Add directory="/home/lishuang/Disk/remote/opencv-4.4.0/include"/>
					<Add directory="/home/lishuang/Disk/remote/opencv-4.4.0/modules/core/include"/>
					<Add directory="/home/lishuang/Disk/remote/opencv-4.4.0/modules/flann/include"/>
					<Add directory="/home/lishuang/Disk/remote/opencv-4.4.0/modules/imgproc/include"/>
					<Add directory="/home/lishuang/Disk/remote/opencv-4.4.0/modules/ml/include"/>
					<Add directory="/home/lishuang/Disk/remote/opencv-4.4.0/modules/photo/include"/>
					<Add directory="/home/lishuang/Disk/remote/opencv-4.4.0/modules/dnn/include"/>
					<Add directory="/home/lishuang/Disk/remote/opencv-4.4.0/modules/features2d/include"/>
					<Add directory="/home/lishuang/Disk/remote/opencv-4.4.0/modules/imgcodecs/include"/>
					<Add directory="/home/lishuang/Disk/remote/opencv-4.4.0/modules/videoio/include"/>
					<Add directory="/home/lishuang/Disk/remote/opencv-4.4.0/modules/calib3d/include"/>
					<Add directory="/home/lishuang/Disk/remote/opencv-4.4.0/modules/highgui/include"/>
					<Add directory="/home/lishuang/Disk/remote/opencv-4.4.0/modules/objdetect/include"/>
					<Add directory="/home/lishuang/Disk/remote/opencv-4.4.0/modules/stitching/include"/>
					<Add directory="/home/lishuang/Disk/remote/opencv-4.4.0/modules/ts/include"/>
					<Add directory="/home/lishuang/Disk/remote/opencv-4.4.0/modules/video/include"/>
					<Add directory="/home/lishuang/Disk/remote/opencv-4.4.0/modules/gapi/include"/>
					<Add directory="/usr/local/cuda/include"/>
					<Add directory="/home/lishuang/Disk/software/TensorRT-7.0.0.11/include"/>
					<Add directory="/usr/local/cuda-10.0/include"/>
					<Add directory="/home/lishuang/Disk/remote/yolov5-tensorrt/include"/>
					<Add directory="/usr/include/c++/7"/>
					<Add directory="/usr/include/x86_64-linux-gnu/c++/7"/>
					<Add directory="/usr/include/c++/7/backward"/>
					<Add directory="/usr/lib/gcc/x86_64-linux-gnu/7/include"/>
					<Add directory="/usr/local/include"/>
					<Add directory="/usr/lib/gcc/x86_64-linux-gnu/7/include-fixed"/>
					<Add directory="/usr/include/x86_64-linux-gnu"/>
					<Add directory="/usr/include"/>
				</Compiler>
				<MakeCommands>
					<Build command="/home/lishuang/Disk/software/anaconda3/bin/ninja -v yolo5trt/fast"/>
					<CompileFile command="/home/lishuang/Disk/software/anaconda3/bin/ninja -v &quot;$file&quot;"/>
					<Clean command="/home/lishuang/Disk/software/anaconda3/bin/ninja -v clean"/>
					<DistClean command="/home/lishuang/Disk/software/anaconda3/bin/ninja -v clean"/>
				</MakeCommands>
			</Target>
			<Target title="yolov5tensorrt">
				<Option output="/home/lishuang/Disk/remote/yolov5-tensorrt/build-yolov5-tensorrt-Desktop_Qt_5_13_1_GCC_64bit-Debug/yolov5tensorrt" prefix_auto="0" extension_auto="0"/>
				<Option working_dir="/home/lishuang/Disk/remote/yolov5-tensorrt/build-yolov5-tensorrt-Desktop_Qt_5_13_1_GCC_64bit-Debug"/>
				<Option object_output="./"/>
				<Option type="1"/>
				<Option compiler="gcc"/>
				<Compiler>
					<Add directory="/usr/local/cuda/include"/>
					<Add directory="/home/lishuang/Disk/software/TensorRT-7.0.0.11/include"/>
					<Add directory="/usr/local/cuda-10.0/include"/>
					<Add directory="/home/lishuang/Disk/remote/yolov5-tensorrt/include"/>
					<Add directory="/home/lishuang/Disk/remote/opencv-4.4.0/build"/>
					<Add directory="/home/lishuang/Disk/remote/opencv-4.4.0/include"/>
					<Add directory="/home/lishuang/Disk/remote/opencv-4.4.0/modules/core/include"/>
					<Add directory="/home/lishuang/Disk/remote/opencv-4.4.0/modules/flann/include"/>
					<Add directory="/home/lishuang/Disk/remote/opencv-4.4.0/modules/imgproc/include"/>
					<Add directory="/home/lishuang/Disk/remote/opencv-4.4.0/modules/ml/include"/>
					<Add directory="/home/lishuang/Disk/remote/opencv-4.4.0/modules/photo/include"/>
					<Add directory="/home/lishuang/Disk/remote/opencv-4.4.0/modules/dnn/include"/>
					<Add directory="/home/lishuang/Disk/remote/opencv-4.4.0/modules/features2d/include"/>
					<Add directory="/home/lishuang/Disk/remote/opencv-4.4.0/modules/imgcodecs/include"/>
					<Add directory="/home/lishuang/Disk/remote/opencv-4.4.0/modules/videoio/include"/>
					<Add directory="/home/lishuang/Disk/remote/opencv-4.4.0/modules/calib3d/include"/>
					<Add directory="/home/lishuang/Disk/remote/opencv-4.4.0/modules/highgui/include"/>
					<Add directory="/home/lishuang/Disk/remote/opencv-4.4.0/modules/objdetect/include"/>
					<Add directory="/home/lishuang/Disk/remote/opencv-4.4.0/modules/stitching/include"/>
					<Add directory="/home/lishuang/Disk/remote/opencv-4.4.0/modules/ts/include"/>
					<Add directory="/home/lishuang/Disk/remote/opencv-4.4.0/modules/video/include"/>
					<Add directory="/home/lishuang/Disk/remote/opencv-4.4.0/modules/gapi/include"/>
					<Add directory="/usr/include/c++/7"/>
					<Add directory="/usr/include/x86_64-linux-gnu/c++/7"/>
					<Add directory="/usr/include/c++/7/backward"/>
					<Add directory="/usr/lib/gcc/x86_64-linux-gnu/7/include"/>
					<Add directory="/usr/local/include"/>
					<Add directory="/usr/lib/gcc/x86_64-linux-gnu/7/include-fixed"/>
					<Add directory="/usr/include/x86_64-linux-gnu"/>
					<Add directory="/usr/include"/>
				</Compiler>
				<MakeCommands>
					<Build command="/home/lishuang/Disk/software/anaconda3/bin/ninja -v yolov5tensorrt"/>
					<CompileFile command="/home/lishuang/Disk/software/anaconda3/bin/ninja -v &quot;$file&quot;"/>
					<Clean command="/home/lishuang/Disk/software/anaconda3/bin/ninja -v clean"/>
					<DistClean command="/home/lishuang/Disk/software/anaconda3/bin/ninja -v clean"/>
				</MakeCommands>
			</Target>
			<Target title="yolov5tensorrt/fast">
				<Option output="/home/lishuang/Disk/remote/yolov5-tensorrt/build-yolov5-tensorrt-Desktop_Qt_5_13_1_GCC_64bit-Debug/yolov5tensorrt" prefix_auto="0" extension_auto="0"/>
				<Option working_dir="/home/lishuang/Disk/remote/yolov5-tensorrt/build-yolov5-tensorrt-Desktop_Qt_5_13_1_GCC_64bit-Debug"/>
				<Option object_output="./"/>
				<Option type="1"/>
				<Option compiler="gcc"/>
				<Compiler>
					<Add directory="/usr/local/cuda/include"/>
					<Add directory="/home/lishuang/Disk/software/TensorRT-7.0.0.11/include"/>
					<Add directory="/usr/local/cuda-10.0/include"/>
					<Add directory="/home/lishuang/Disk/remote/yolov5-tensorrt/include"/>
					<Add directory="/home/lishuang/Disk/remote/opencv-4.4.0/build"/>
					<Add directory="/home/lishuang/Disk/remote/opencv-4.4.0/include"/>
					<Add directory="/home/lishuang/Disk/remote/opencv-4.4.0/modules/core/include"/>
					<Add directory="/home/lishuang/Disk/remote/opencv-4.4.0/modules/flann/include"/>
					<Add directory="/home/lishuang/Disk/remote/opencv-4.4.0/modules/imgproc/include"/>
					<Add directory="/home/lishuang/Disk/remote/opencv-4.4.0/modules/ml/include"/>
					<Add directory="/home/lishuang/Disk/remote/opencv-4.4.0/modules/photo/include"/>
					<Add directory="/home/lishuang/Disk/remote/opencv-4.4.0/modules/dnn/include"/>
					<Add directory="/home/lishuang/Disk/remote/opencv-4.4.0/modules/features2d/include"/>
					<Add directory="/home/lishuang/Disk/remote/opencv-4.4.0/modules/imgcodecs/include"/>
					<Add directory="/home/lishuang/Disk/remote/opencv-4.4.0/modules/videoio/include"/>
					<Add directory="/home/lishuang/Disk/remote/opencv-4.4.0/modules/calib3d/include"/>
					<Add directory="/home/lishuang/Disk/remote/opencv-4.4.0/modules/highgui/include"/>
					<Add directory="/home/lishuang/Disk/remote/opencv-4.4.0/modules/objdetect/include"/>
					<Add directory="/home/lishuang/Disk/remote/opencv-4.4.0/modules/stitching/include"/>
					<Add directory="/home/lishuang/Disk/remote/opencv-4.4.0/modules/ts/include"/>
					<Add directory="/home/lishuang/Disk/remote/opencv-4.4.0/modules/video/include"/>
					<Add directory="/home/lishuang/Disk/remote/opencv-4.4.0/modules/gapi/include"/>
					<Add directory="/usr/include/c++/7"/>
					<Add directory="/usr/include/x86_64-linux-gnu/c++/7"/>
					<Add directory="/usr/include/c++/7/backward"/>
					<Add directory="/usr/lib/gcc/x86_64-linux-gnu/7/include"/>
					<Add directory="/usr/local/include"/>
					<Add directory="/usr/lib/gcc/x86_64-linux-gnu/7/include-fixed"/>
					<Add directory="/usr/include/x86_64-linux-gnu"/>
					<Add directory="/usr/include"/>
				</Compiler>
				<MakeCommands>
					<Build command="/home/lishuang/Disk/software/anaconda3/bin/ninja -v yolov5tensorrt/fast"/>
					<CompileFile command="/home/lishuang/Disk/software/anaconda3/bin/ninja -v &quot;$file&quot;"/>
					<Clean command="/home/lishuang/Disk/software/anaconda3/bin/ninja -v clean"/>
					<DistClean command="/home/lishuang/Disk/software/anaconda3/bin/ninja -v clean"/>
				</MakeCommands>
			</Target>
		</Build>
		<Unit filename="/home/lishuang/Disk/remote/yolov5-tensorrt/main.cpp">
			<Option target="yolov5tensorrt"/>
		</Unit>
		<Unit filename="/home/lishuang/Disk/remote/yolov5-tensorrt/src/logger.cpp">
			<Option target="yolo5trt"/>
		</Unit>
		<Unit filename="/home/lishuang/Disk/remote/yolov5-tensorrt/CMakeLists.txt">
			<Option virtualFolder="CMake Files\"/>
		</Unit>
		<Unit filename="/home/lishuang/Disk/remote/yolov5-tensorrt/../opencv-4.4.0/build/OpenCVConfig-version.cmake">
			<Option virtualFolder="CMake Files\..\opencv-4.4.0\build\"/>
		</Unit>
		<Unit filename="/home/lishuang/Disk/remote/yolov5-tensorrt/../opencv-4.4.0/build/OpenCVConfig.cmake">
			<Option virtualFolder="CMake Files\..\opencv-4.4.0\build\"/>
		</Unit>
		<Unit filename="/home/lishuang/Disk/remote/yolov5-tensorrt/../opencv-4.4.0/build/OpenCVModules.cmake">
			<Option virtualFolder="CMake Files\..\opencv-4.4.0\build\"/>
		</Unit>
	</Project>
</CodeBlocks_project_file>
